
Microsoft Visual Studio Solution File, Format Version 12.00
# Visual Studio Version 16
VisualStudioVersion = 16.0.31911.196
MinimumVisualStudioVersion = 10.0.40219.1
Project("{FAE04EC0-301F-11D3-BF4B-00C04F79EFBC}") = "UniversidadDatasets", "UniversidadDatasets\UniversidadDatasets.csproj", "{67B2F672-E611-4646-B942-E98BCD523A4B}"
EndProject
Global
	GlobalSection(SolutionConfigurationPlatforms) = preSolution
		Debug|Any CPU = Debug|Any CPU
		Release|Any CPU = Release|Any CPU
	EndGlobalSection
	GlobalSection(ProjectConfigurationPlatforms) = postSolution
		{67B2F672-E611-4646-B942-E98BCD523A4B}.Debug|Any CPU.ActiveCfg = Debug|Any CPU
		{67B2F672-E611-4646-B942-E98BCD523A4B}.Debug|Any CPU.Build.0 = Debug|Any CPU
		{67B2F672-E611-4646-B942-E98BCD523A4B}.Release|Any CPU.ActiveCfg = Release|Any CPU
		{67B2F672-E611-4646-B942-E98BCD523A4B}.Release|Any CPU.Build.0 = Release|Any CPU
	EndGlobalSection
	GlobalSection(SolutionProperties) = preSolution
		HideSolutionNode = FALSE
	EndGlobalSection
	GlobalSection(ExtensibilityGlobals) = postSolution
		SolutionGuid = {690DE946-91FD-4C47-872B-ECE1E600AAE8}
	EndGlobalSection
EndGlobal
